
Microsoft Visual Studio Solution File, Format Version 12.00
# Visual Studio Version 16
VisualStudioVersion = 16.0.29709.97
MinimumVisualStudioVersion = 10.0.40219.1
Project("{FAE04EC0-301F-11D3-BF4B-00C04F79EFBC}") = "PicEditor", "PicEditor\PicEditor.csproj", "{38C2E221-7085-4C7B-9827-8591C0155C01}"
EndProject
Global
	GlobalSection(SolutionConfigurationPlatforms) = preSolution
		Debug|Any CPU = Debug|Any CPU
		Release|Any CPU = Release|Any CPU
	EndGlobalSection
	GlobalSection(ProjectConfigurationPlatforms) = postSolution
		{38C2E221-7085-4C7B-9827-8591C0155C01}.Debug|Any CPU.ActiveCfg = Debug|Any CPU
		{38C2E221-7085-4C7B-9827-8591C0155C01}.Debug|Any CPU.Build.0 = Debug|Any CPU
		{38C2E221-7085-4C7B-9827-8591C0155C01}.Release|Any CPU.ActiveCfg = Release|Any CPU
		{38C2E221-7085-4C7B-9827-8591C0155C01}.Release|Any CPU.Build.0 = Release|Any CPU
	EndGlobalSection
	GlobalSection(SolutionProperties) = preSolution
		HideSolutionNode = FALSE
	EndGlobalSection
	GlobalSection(ExtensibilityGlobals) = postSolution
		SolutionGuid = {071D3313-A288-4837-82E2-8475D9D87482}
	EndGlobalSection
EndGlobal
