
Microsoft Visual Studio Solution File, Format Version 12.00
# Visual Studio Version 17
VisualStudioVersion = 17.2.32526.322
MinimumVisualStudioVersion = 10.0.40219.1
Project("{9A19103F-16F7-4668-BE54-9A1E7A4F7556}") = "PicEditor", "PicEditor\PicEditor.csproj", "{D77B42D5-FFD6-4647-B09A-996B99219B4A}"
EndProject
Project("{9A19103F-16F7-4668-BE54-9A1E7A4F7556}") = "PicEditor.Basic", "PicEditor.Basic\PicEditor.Basic.csproj", "{FAFB971B-2055-4C30-A4A5-B3A3D7245E68}"
EndProject
Project("{9A19103F-16F7-4668-BE54-9A1E7A4F7556}") = "PicEditor.Layer", "PicEditor.Layer\PicEditor.Layer.csproj", "{0FA566C7-DB97-4EE3-9462-356744A40C6A}"
EndProject
Global
	GlobalSection(SolutionConfigurationPlatforms) = preSolution
		Debug|Any CPU = Debug|Any CPU
		Release|Any CPU = Release|Any CPU
	EndGlobalSection
	GlobalSection(ProjectConfigurationPlatforms) = postSolution
		{D77B42D5-FFD6-4647-B09A-996B99219B4A}.Debug|Any CPU.ActiveCfg = Debug|Any CPU
		{D77B42D5-FFD6-4647-B09A-996B99219B4A}.Debug|Any CPU.Build.0 = Debug|Any CPU
		{D77B42D5-FFD6-4647-B09A-996B99219B4A}.Release|Any CPU.ActiveCfg = Release|Any CPU
		{D77B42D5-FFD6-4647-B09A-996B99219B4A}.Release|Any CPU.Build.0 = Release|Any CPU
		{FAFB971B-2055-4C30-A4A5-B3A3D7245E68}.Debug|Any CPU.ActiveCfg = Debug|Any CPU
		{FAFB971B-2055-4C30-A4A5-B3A3D7245E68}.Debug|Any CPU.Build.0 = Debug|Any CPU
		{FAFB971B-2055-4C30-A4A5-B3A3D7245E68}.Release|Any CPU.ActiveCfg = Release|Any CPU
		{FAFB971B-2055-4C30-A4A5-B3A3D7245E68}.Release|Any CPU.Build.0 = Release|Any CPU
		{0FA566C7-DB97-4EE3-9462-356744A40C6A}.Debug|Any CPU.ActiveCfg = Debug|Any CPU
		{0FA566C7-DB97-4EE3-9462-356744A40C6A}.Debug|Any CPU.Build.0 = Debug|Any CPU
		{0FA566C7-DB97-4EE3-9462-356744A40C6A}.Release|Any CPU.ActiveCfg = Release|Any CPU
		{0FA566C7-DB97-4EE3-9462-356744A40C6A}.Release|Any CPU.Build.0 = Release|Any CPU
	EndGlobalSection
	GlobalSection(SolutionProperties) = preSolution
		HideSolutionNode = FALSE
	EndGlobalSection
	GlobalSection(ExtensibilityGlobals) = postSolution
		SolutionGuid = {008797F8-97FD-4BF4-B4D0-5DE7A1981046}
	EndGlobalSection
EndGlobal
